
Microsoft Visual Studio Solution File, Format Version 12.00
# Visual Studio 14
VisualStudioVersion = 14.0.23107.0
MinimumVisualStudioVersion = 10.0.40219.1
Project("{FAE04EC0-301F-11D3-BF4B-00C04F79EFBC}") = "SealedInterface.Nbt", "SealedInterface.Nbt\SealedInterface.Nbt.csproj", "{CDB1131B-7CAC-4FEF-890D-7B59C1105AF8}"
EndProject
Project("{FAE04EC0-301F-11D3-BF4B-00C04F79EFBC}") = "SealedInterface.Nbt.Test", "SealedInterface.Nbt.Test\SealedInterface.Nbt.Test.csproj", "{BEDC8221-57B9-4E85-BC9F-1BD4CF910181}"
EndProject
Global
	GlobalSection(SolutionConfigurationPlatforms) = preSolution
		Debug|Any CPU = Debug|Any CPU
		Release|Any CPU = Release|Any CPU
	EndGlobalSection
	GlobalSection(ProjectConfigurationPlatforms) = postSolution
		{CDB1131B-7CAC-4FEF-890D-7B59C1105AF8}.Debug|Any CPU.ActiveCfg = Debug|Any CPU
		{CDB1131B-7CAC-4FEF-890D-7B59C1105AF8}.Debug|Any CPU.Build.0 = Debug|Any CPU
		{CDB1131B-7CAC-4FEF-890D-7B59C1105AF8}.Release|Any CPU.ActiveCfg = Release|Any CPU
		{CDB1131B-7CAC-4FEF-890D-7B59C1105AF8}.Release|Any CPU.Build.0 = Release|Any CPU
		{BEDC8221-57B9-4E85-BC9F-1BD4CF910181}.Debug|Any CPU.ActiveCfg = Debug|Any CPU
		{BEDC8221-57B9-4E85-BC9F-1BD4CF910181}.Debug|Any CPU.Build.0 = Debug|Any CPU
		{BEDC8221-57B9-4E85-BC9F-1BD4CF910181}.Release|Any CPU.ActiveCfg = Release|Any CPU
		{BEDC8221-57B9-4E85-BC9F-1BD4CF910181}.Release|Any CPU.Build.0 = Release|Any CPU
	EndGlobalSection
	GlobalSection(SolutionProperties) = preSolution
		HideSolutionNode = FALSE
	EndGlobalSection
EndGlobal
